
Microsoft Visual Studio Solution File, Format Version 12.00
# Visual Studio Version 16
VisualStudioVersion = 16.0.32106.194
MinimumVisualStudioVersion = 10.0.40219.1
Project("{FAE04EC0-301F-11D3-BF4B-00C04F79EFBC}") = "SystemTrayLoggingDemo", "SystemTrayLoggingDemo\SystemTrayLoggingDemo.csproj", "{478546C8-25C8-465B-9B09-95B5CBB9F680}"
EndProject
Global
	GlobalSection(SolutionConfigurationPlatforms) = preSolution
		Debug|Any CPU = Debug|Any CPU
		Release|Any CPU = Release|Any CPU
	EndGlobalSection
	GlobalSection(ProjectConfigurationPlatforms) = postSolution
		{478546C8-25C8-465B-9B09-95B5CBB9F680}.Debug|Any CPU.ActiveCfg = Debug|Any CPU
		{478546C8-25C8-465B-9B09-95B5CBB9F680}.Debug|Any CPU.Build.0 = Debug|Any CPU
		{478546C8-25C8-465B-9B09-95B5CBB9F680}.Release|Any CPU.ActiveCfg = Release|Any CPU
		{478546C8-25C8-465B-9B09-95B5CBB9F680}.Release|Any CPU.Build.0 = Release|Any CPU
	EndGlobalSection
	GlobalSection(SolutionProperties) = preSolution
		HideSolutionNode = FALSE
	EndGlobalSection
	GlobalSection(ExtensibilityGlobals) = postSolution
		SolutionGuid = {39F2E9AC-6C72-46B1-9508-7EEC5F86B5BB}
	EndGlobalSection
EndGlobal
